// !$*UTF8*$!
{
	archiveVersion = 1;
	classes = {
	};
	objectVersion = 55;
	objects = {

/* Begin PBXBuildFile section */
		1C17340430338BC900EEF972 /* Stock.swift in Sources */ = {isa = PBXBuildFile; fileRef = 1C17340330338BC900EEF972 /* Stock.swift */; };
		1C17340630338BEE00EEF972 /* Watchlist.swift in Sources */ = {isa = PBXBuildFile; fileRef = 1C17340530338BEE00EEF972 /* Watchlist.swift */; };
		1C17340830338C3100EEF972 /* ScanCriterion.swift in Sources */ = {isa = PBXBuildFile; fileRef = 1C17340730338C3100EEF972 /* ScanCriterion.swift */; };
		1C17340A30338C5700EEF972 /* Scan.swift in Sources */ = {isa = PBXBuildFile; fileRef = 1C17340930338C5700EEF972 /* Scan.swift */; };
		1C17340C30338C8700EEF972 /* ScanResult.swift in Sources */ = {isa = PBXBuildFile; fileRef = 1C17340B30338C8700EEF972 /* ScanResult.swift */; };
		1C17340E30338CAF00EEF972 /* AppStockState.swift in Sources */ = {isa = PBXBuildFile; fileRef = 1C17340D30338CAF00EEF972 /* AppStockState.swift */; };
		1C17341030338E3C00EEF972 /* SideBarItem.swift in Sources */ = {isa = PBXBuildFile; fileRef = 1C17340F30338E3C00EEF972 /* SideBarItem.swift */; };
		1C1734123033903B00EEF972 /* SidebarSelection.swift in Sources */ = {isa = PBXBuildFile; fileRef = 1C1734113033903B00EEF972 /* SidebarSelection.swift */; };
		1C3246DC30027FEB00C2230B /* AdaptiveGridCalculator.swift in Sources */ = {isa = PBXBuildFile; fileRef = 1C3246DB30027FEB00C2230B /* AdaptiveGridCalculator.swift */; };
		1C3246DE3002801700C2230B /* GridRenderer.swift in Sources */ = {isa = PBXBuildFile; fileRef = 1C3246DD3002801700C2230B /* GridRenderer.swift */; };
		1C4ED35D2FFA8E7A00DC0AAC /* ChartViewport.swift in Sources */ = {isa = PBXBuildFile; fileRef = 1C4ED35C2FFA8E7A00DC0AAC /* ChartViewport.swift */; };
		1C4ED35F2FFA8FB400DC0AAC /* ChartCoordinateSystem.swift in Sources */ = {isa = PBXBuildFile; fileRef = 1C4ED35E2FFA8FB400DC0AAC /* ChartCoordinateSystem.swift */; };
		1C4ED36C2FFA9C1800DC0AAC /* SelectionOverlayRenderer.swift in Sources */ = {isa = PBXBuildFile; fileRef = 1C4ED36B2FFA9C1800DC0AAC /* SelectionOverlayRenderer.swift */; };
		1C4ED36E2FFAE39E00DC0AAC /* CandleRenderer.swift in Sources */ = {isa = PBXBuildFile; fileRef = 1C4ED36D2FFAE39E00DC0AAC /* CandleRenderer.swift */; };
		1C4ED3702FFAE46800DC0AAC /* ChartTheme.swift in Sources */ = {isa = PBXBuildFile; fileRef = 1C4ED36F2FFAE46800DC0AAC /* ChartTheme.swift */; };
		1C4ED3722FFAEA3F00DC0AAC /* SMARenderer.swift in Sources */ = {isa = PBXBuildFile; fileRef = 1C4ED3712FFAEA3F00DC0AAC /* SMARenderer.swift */; };
		1C4ED3742FFAEB5500DC0AAC /* AxisRenderer.swift in Sources */ = {isa = PBXBuildFile; fileRef = 1C4ED3732FFAEB5500DC0AAC /* AxisRenderer.swift */; };
		1C4ED3762FFAEE0400DC0AAC /* ChartInteractionController.swift in Sources */ = {isa = PBXBuildFile; fileRef = 1C4ED3752FFAEE0400DC0AAC /* ChartInteractionController.swift */; };
		1C645C9A2F773189007E1F5C /* AppDelegate.swift in Sources */ = {isa = PBXBuildFile; fileRef = 1C645C992F773189007E1F5C /* AppDelegate.swift */; };
		1C645C9E2F77318B007E1F5C /* Assets.xcassets in Resources */ = {isa = PBXBuildFile; fileRef = 1C645C9D2F77318B007E1F5C /* Assets.xcassets */; };
		1C645CA12F77318B007E1F5C /* Main.storyboard in Resources */ = {isa = PBXBuildFile; fileRef = 1C645C9F2F77318B007E1F5C /* Main.storyboard */; };
		1C645CA92F7735F0007E1F5C /* SidebarViewController.swift in Sources */ = {isa = PBXBuildFile; fileRef = 1C645CA82F7735F0007E1F5C /* SidebarViewController.swift */; };
		1C645CAC2F77360F007E1F5C /* DetailViewController.swift in Sources */ = {isa = PBXBuildFile; fileRef = 1C645CAA2F77360F007E1F5C /* DetailViewController.swift */; };
		1C645CAF2F7736D3007E1F5C /* SidebarViewModel.swift in Sources */ = {isa = PBXBuildFile; fileRef = 1C645CAE2F7736D3007E1F5C /* SidebarViewModel.swift */; };
		1C645CB12F773712007E1F5C /* SidebarSelectionDelegate.swift in Sources */ = {isa = PBXBuildFile; fileRef = 1C645CB02F773712007E1F5C /* SidebarSelectionDelegate.swift */; };
		1C645CB32F773766007E1F5C /* MainSplitViewController.swift in Sources */ = {isa = PBXBuildFile; fileRef = 1C645CB22F773766007E1F5C /* MainSplitViewController.swift */; };
		1C645CB52F7820D0007E1F5C /* Candlestick.swift in Sources */ = {isa = PBXBuildFile; fileRef = 1C645CB42F7820CF007E1F5C /* Candlestick.swift */; };
		1C645CB92F78210E007E1F5C /* CandlestickChartView.swift in Sources */ = {isa = PBXBuildFile; fileRef = 1C645CB82F78210E007E1F5C /* CandlestickChartView.swift */; };
		1C645CBB2F782132007E1F5C /* ChartDetailViewController.swift in Sources */ = {isa = PBXBuildFile; fileRef = 1C645CBA2F782132007E1F5C /* ChartDetailViewController.swift */; };
		1C645CBD2F7862EA007E1F5C /* Info.plist in Resources */ = {isa = PBXBuildFile; fileRef = 1C645CBC2F7862EA007E1F5C /* Info.plist */; };
		1C645CC12F787B91007E1F5C /* StockData.swift in Sources */ = {isa = PBXBuildFile; fileRef = 1C645CC02F787B91007E1F5C /* StockData.swift */; };
		1C645CC92F7884F2007E1F5C /* IsYatirimResponse.swift in Sources */ = {isa = PBXBuildFile; fileRef = 1C645CC82F7884F2007E1F5C /* IsYatirimResponse.swift */; };
		1C645CCB2F788528007E1F5C /* IsYatirimService.swift in Sources */ = {isa = PBXBuildFile; fileRef = 1C645CCA2F788528007E1F5C /* IsYatirimService.swift */; };
		1C68CDE9302FD49400DD0670 /* AppMainWindowController.swift in Sources */ = {isa = PBXBuildFile; fileRef = 1C68CDE7302FD49400DD0670 /* AppMainWindowController.swift */; };
		1C68CDEA302FD49400DD0670 /* AppMainWindowController.xib in Resources */ = {isa = PBXBuildFile; fileRef = 1C68CDE8302FD49400DD0670 /* AppMainWindowController.xib */; };
		1C76A9DB2FD5A6A100C8B563 /* WeeklyCandleStickBuilder.swift in Sources */ = {isa = PBXBuildFile; fileRef = 1C76A9DA2FD5A6A100C8B563 /* WeeklyCandleStickBuilder.swift */; };
		1CFA03312F798352008D3A52 /* IndicatorCalculator.swift in Sources */ = {isa = PBXBuildFile; fileRef = 1CFA03302F798352008D3A52 /* IndicatorCalculator.swift */; };
		1CFA03332F798392008D3A52 /* IndicatorPopupViewController.swift in Sources */ = {isa = PBXBuildFile; fileRef = 1CFA03322F798392008D3A52 /* IndicatorPopupViewController.swift */; };
/* End PBXBuildFile section */

/* Begin PBXFileReference section */
		1C17340330338BC900EEF972 /* Stock.swift */ = {isa = PBXFileReference; lastKnownFileType = sourcecode.swift; path = Stock.swift; sourceTree = "<group>"; };
		1C17340530338BEE00EEF972 /* Watchlist.swift */ = {isa = PBXFileReference; lastKnownFileType = sourcecode.swift; path = Watchlist.swift; sourceTree = "<group>"; };
		1C17340730338C3100EEF972 /* ScanCriterion.swift */ = {isa = PBXFileReference; lastKnownFileType = sourcecode.swift; path = ScanCriterion.swift; sourceTree = "<group>"; };
		1C17340930338C5700EEF972 /* Scan.swift */ = {isa = PBXFileReference; lastKnownFileType = sourcecode.swift; path = Scan.swift; sourceTree = "<group>"; };
		1C17340B30338C8700EEF972 /* ScanResult.swift */ = {isa = PBXFileReference; lastKnownFileType = sourcecode.swift; path = ScanResult.swift; sourceTree = "<group>"; };
		1C17340D30338CAF00EEF972 /* AppStockState.swift */ = {isa = PBXFileReference; lastKnownFileType = sourcecode.swift; path = AppStockState.swift; sourceTree = "<group>"; };
		1C17340F30338E3C00EEF972 /* SideBarItem.swift */ = {isa = PBXFileReference; lastKnownFileType = sourcecode.swift; path = SideBarItem.swift; sourceTree = "<group>"; };
		1C1734113033903B00EEF972 /* SidebarSelection.swift */ = {isa = PBXFileReference; lastKnownFileType = sourcecode.swift; path = SidebarSelection.swift; sourceTree = "<group>"; };
		1C3246DB30027FEB00C2230B /* AdaptiveGridCalculator.swift */ = {isa = PBXFileReference; lastKnownFileType = sourcecode.swift; path = AdaptiveGridCalculator.swift; sourceTree = "<group>"; };
		1C3246DD3002801700C2230B /* GridRenderer.swift */ = {isa = PBXFileReference; lastKnownFileType = sourcecode.swift; path = GridRenderer.swift; sourceTree = "<group>"; };
		1C4ED35C2FFA8E7A00DC0AAC /* ChartViewport.swift */ = {isa = PBXFileReference; lastKnownFileType = sourcecode.swift; path = ChartViewport.swift; sourceTree = "<group>"; };
		1C4ED35E2FFA8FB400DC0AAC /* ChartCoordinateSystem.swift */ = {isa = PBXFileReference; lastKnownFileType = sourcecode.swift; path = ChartCoordinateSystem.swift; sourceTree = "<group>"; };
		1C4ED36B2FFA9C1800DC0AAC /* SelectionOverlayRenderer.swift */ = {isa = PBXFileReference; lastKnownFileType = sourcecode.swift; path = SelectionOverlayRenderer.swift; sourceTree = "<group>"; };
		1C4ED36D2FFAE39E00DC0AAC /* CandleRenderer.swift */ = {isa = PBXFileReference; lastKnownFileType = sourcecode.swift; path = CandleRenderer.swift; sourceTree = "<group>"; };
		1C4ED36F2FFAE46800DC0AAC /* ChartTheme.swift */ = {isa = PBXFileReference; lastKnownFileType = sourcecode.swift; path = ChartTheme.swift; sourceTree = "<group>"; };
		1C4ED3712FFAEA3F00DC0AAC /* SMARenderer.swift */ = {isa = PBXFileReference; lastKnownFileType = sourcecode.swift; path = SMARenderer.swift; sourceTree = "<group>"; };
		1C4ED3732FFAEB5500DC0AAC /* AxisRenderer.swift */ = {isa = PBXFileReference; lastKnownFileType = sourcecode.swift; path = AxisRenderer.swift; sourceTree = "<group>"; };
		1C4ED3752FFAEE0400DC0AAC /* ChartInteractionController.swift */ = {isa = PBXFileReference; lastKnownFileType = sourcecode.swift; path = ChartInteractionController.swift; sourceTree = "<group>"; };
		1C645C962F773189007E1F5C /* HisseTarama.app */ = {isa = PBXFileReference; explicitFileType = wrapper.application; includeInIndex = 0; path = HisseTarama.app; sourceTree = BUILT_PRODUCTS_DIR; };
		1C645C992F773189007E1F5C /* AppDelegate.swift */ = {isa = PBXFileReference; lastKnownFileType = sourcecode.swift; path = AppDelegate.swift; sourceTree = "<group>"; };
		1C645C9D2F77318B007E1F5C /* Assets.xcassets */ = {isa = PBXFileReference; lastKnownFileType = folder.assetcatalog; path = Assets.xcassets; sourceTree = "<group>"; };
		1C645CA02F77318B007E1F5C /* Base */ = {isa = PBXFileReference; lastKnownFileType = file.storyboard; name = Base; path = Base.lproj/Main.storyboard; sourceTree = "<group>"; };
		1C645CA22F77318B007E1F5C /* HisseTarama.entitlements */ = {isa = PBXFileReference; lastKnownFileType = text.plist.entitlements; path = HisseTarama.entitlements; sourceTree = "<group>"; };
		1C645CA82F7735F0007E1F5C /* SidebarViewController.swift */ = {isa = PBXFileReference; lastKnownFileType = sourcecode.swift; path = SidebarViewController.swift; sourceTree = "<group>"; };
		1C645CAA2F77360F007E1F5C /* DetailViewController.swift */ = {isa = PBXFileReference; lastKnownFileType = sourcecode.swift; path = DetailViewController.swift; sourceTree = "<group>"; };
		1C645CAE2F7736D3007E1F5C /* SidebarViewModel.swift */ = {isa = PBXFileReference; lastKnownFileType = sourcecode.swift; path = SidebarViewModel.swift; sourceTree = "<group>"; };
		1C645CB02F773712007E1F5C /* SidebarSelectionDelegate.swift */ = {isa = PBXFileReference; lastKnownFileType = sourcecode.swift; path = SidebarSelectionDelegate.swift; sourceTree = "<group>"; };
		1C645CB22F773766007E1F5C /* MainSplitViewController.swift */ = {isa = PBXFileReference; lastKnownFileType = sourcecode.swift; path = MainSplitViewController.swift; sourceTree = "<group>"; };
		1C645CB42F7820CF007E1F5C /* Candlestick.swift */ = {isa = PBXFileReference; lastKnownFileType = sourcecode.swift; path = Candlestick.swift; sourceTree = "<group>"; };
		1C645CB82F78210E007E1F5C /* CandlestickChartView.swift */ = {isa = PBXFileReference; lastKnownFileType = sourcecode.swift; path = CandlestickChartView.swift; sourceTree = "<group>"; };
		1C645CBA2F782132007E1F5C /* ChartDetailViewController.swift */ = {isa = PBXFileReference; lastKnownFileType = sourcecode.swift; path = ChartDetailViewController.swift; sourceTree = "<group>"; };
		1C645CBC2F7862EA007E1F5C /* Info.plist */ = {isa = PBXFileReference; lastKnownFileType = text.plist.xml; path = Info.plist; sourceTree = "<group>"; };
		1C645CC02F787B91007E1F5C /* StockData.swift */ = {isa = PBXFileReference; lastKnownFileType = sourcecode.swift; path = StockData.swift; sourceTree = "<group>"; };
		1C645CC82F7884F2007E1F5C /* IsYatirimResponse.swift */ = {isa = PBXFileReference; lastKnownFileType = sourcecode.swift; path = IsYatirimResponse.swift; sourceTree = "<group>"; };
		1C645CCA2F788528007E1F5C /* IsYatirimService.swift */ = {isa = PBXFileReference; lastKnownFileType = sourcecode.swift; path = IsYatirimService.swift; sourceTree = "<group>"; };
		1C68CDE7302FD49400DD0670 /* AppMainWindowController.swift */ = {isa = PBXFileReference; lastKnownFileType = sourcecode.swift; path = AppMainWindowController.swift; sourceTree = "<group>"; };
		1C68CDE8302FD49400DD0670 /* AppMainWindowController.xib */ = {isa = PBXFileReference; lastKnownFileType = file.xib; path = AppMainWindowController.xib; sourceTree = "<group>"; };
		1C76A9DA2FD5A6A100C8B563 /* WeeklyCandleStickBuilder.swift */ = {isa = PBXFileReference; lastKnownFileType = sourcecode.swift; path = WeeklyCandleStickBuilder.swift; sourceTree = "<group>"; };
		1CFA03302F798352008D3A52 /* IndicatorCalculator.swift */ = {isa = PBXFileReference; lastKnownFileType = sourcecode.swift; path = IndicatorCalculator.swift; sourceTree = "<group>"; };
		1CFA03322F798392008D3A52 /* IndicatorPopupViewController.swift */ = {isa = PBXFileReference; lastKnownFileType = sourcecode.swift; path = IndicatorPopupViewController.swift; sourceTree = "<group>"; };
/* End PBXFileReference section */

/* Begin PBXFrameworksBuildPhase section */
		1C645C932F773189007E1F5C /* Frameworks */ = {
			isa = PBXFrameworksBuildPhase;
			buildActionMask = 2147483647;
			files = (
			);
			runOnlyForDeploymentPostprocessing = 0;
		};
/* End PBXFrameworksBuildPhase section */

/* Begin PBXGroup section */
		1C4ED3592FFA8E0C00DC0AAC /* Models */ = {
			isa = PBXGroup;
			children = (
				1C645CB42F7820CF007E1F5C /* Candlestick.swift */,
				1C645CC02F787B91007E1F5C /* StockData.swift */,
				1C17340330338BC900EEF972 /* Stock.swift */,
				1C17340530338BEE00EEF972 /* Watchlist.swift */,
				1C17340730338C3100EEF972 /* ScanCriterion.swift */,
				1C17340930338C5700EEF972 /* Scan.swift */,
				1C17340B30338C8700EEF972 /* ScanResult.swift */,
				1C17340D30338CAF00EEF972 /* AppStockState.swift */,
				1C17340F30338E3C00EEF972 /* SideBarItem.swift */,
			);
			path = Models;
			sourceTree = "<group>";
		};
		1C4ED35A2FFA8E4300DC0AAC /* Charts */ = {
			isa = PBXGroup;
			children = (
				1C4ED3682FFA994B00DC0AAC /* Utility */,
				1C4ED3672FFA993D00DC0AAC /* Interaction */,
				1C4ED3662FFA993100DC0AAC /* Renderers */,
				1C4ED35B2FFA8E6000DC0AAC /* Core */,
			);
			path = Charts;
			sourceTree = "<group>";
		};
		1C4ED35B2FFA8E6000DC0AAC /* Core */ = {
			isa = PBXGroup;
			children = (
				1C645CB82F78210E007E1F5C /* CandlestickChartView.swift */,
				1C4ED35C2FFA8E7A00DC0AAC /* ChartViewport.swift */,
				1C4ED35E2FFA8FB400DC0AAC /* ChartCoordinateSystem.swift */,
				1C4ED36F2FFAE46800DC0AAC /* ChartTheme.swift */,
			);
			path = Core;
			sourceTree = "<group>";
		};
		1C4ED3602FFA904B00DC0AAC /* Indicators */ = {
			isa = PBXGroup;
			children = (
			);
			path = Indicators;
			sourceTree = "<group>";
		};
		1C4ED3612FFA906700DC0AAC /* Services */ = {
			isa = PBXGroup;
			children = (
				1C645CC82F7884F2007E1F5C /* IsYatirimResponse.swift */,
				1C645CCA2F788528007E1F5C /* IsYatirimService.swift */,
			);
			path = Services;
			sourceTree = "<group>";
		};
		1C4ED3622FFA908200DC0AAC /* Scanner */ = {
			isa = PBXGroup;
			children = (
				1C4ED36A2FFA996E00DC0AAC /* Engine */,
				1C4ED3692FFA996500DC0AAC /* Rules */,
			);
			path = Scanner;
			sourceTree = "<group>";
		};
		1C4ED3632FFA90A500DC0AAC /* View Controllers */ = {
			isa = PBXGroup;
			children = (
				1C645CA82F7735F0007E1F5C /* SidebarViewController.swift */,
				1C645CAA2F77360F007E1F5C /* DetailViewController.swift */,
				1C645CB22F773766007E1F5C /* MainSplitViewController.swift */,
				1C645CBA2F782132007E1F5C /* ChartDetailViewController.swift */,
				1CFA03322F798392008D3A52 /* IndicatorPopupViewController.swift */,
				1C68CDE7302FD49400DD0670 /* AppMainWindowController.swift */,
				1C68CDE8302FD49400DD0670 /* AppMainWindowController.xib */,
			);
			path = "View Controllers";
			sourceTree = "<group>";
		};
		1C4ED3642FFA90BE00DC0AAC /* Views */ = {
			isa = PBXGroup;
			children = (
			);
			path = Views;
			sourceTree = "<group>";
		};
		1C4ED3652FFA90CE00DC0AAC /* Utilities */ = {
			isa = PBXGroup;
			children = (
				1C3246DB30027FEB00C2230B /* AdaptiveGridCalculator.swift */,
			);
			path = Utilities;
			sourceTree = "<group>";
		};
		1C4ED3662FFA993100DC0AAC /* Renderers */ = {
			isa = PBXGroup;
			children = (
				1C4ED36B2FFA9C1800DC0AAC /* SelectionOverlayRenderer.swift */,
				1C4ED36D2FFAE39E00DC0AAC /* CandleRenderer.swift */,
				1C4ED3712FFAEA3F00DC0AAC /* SMARenderer.swift */,
				1C4ED3732FFAEB5500DC0AAC /* AxisRenderer.swift */,
				1C3246DD3002801700C2230B /* GridRenderer.swift */,
			);
			path = Renderers;
			sourceTree = "<group>";
		};
		1C4ED3672FFA993D00DC0AAC /* Interaction */ = {
			isa = PBXGroup;
			children = (
			);
			path = Interaction;
			sourceTree = "<group>";
		};
		1C4ED3682FFA994B00DC0AAC /* Utility */ = {
			isa = PBXGroup;
			children = (
			);
			path = Utility;
			sourceTree = "<group>";
		};
		1C4ED3692FFA996500DC0AAC /* Rules */ = {
			isa = PBXGroup;
			children = (
			);
			path = Rules;
			sourceTree = "<group>";
		};
		1C4ED36A2FFA996E00DC0AAC /* Engine */ = {
			isa = PBXGroup;
			children = (
			);
			path = Engine;
			sourceTree = "<group>";
		};
		1C645C8D2F773189007E1F5C = {
			isa = PBXGroup;
			children = (
				1C645C982F773189007E1F5C /* HisseTarama */,
				1C645C972F773189007E1F5C /* Products */,
			);
			sourceTree = "<group>";
		};
		1C645C972F773189007E1F5C /* Products */ = {
			isa = PBXGroup;
			children = (
				1C645C962F773189007E1F5C /* HisseTarama.app */,
			);
			name = Products;
			sourceTree = "<group>";
		};
		1C645C982F773189007E1F5C /* HisseTarama */ = {
			isa = PBXGroup;
			children = (
				1C4ED3652FFA90CE00DC0AAC /* Utilities */,
				1C4ED3642FFA90BE00DC0AAC /* Views */,
				1C4ED3632FFA90A500DC0AAC /* View Controllers */,
				1C4ED3622FFA908200DC0AAC /* Scanner */,
				1C4ED3612FFA906700DC0AAC /* Services */,
				1C4ED3602FFA904B00DC0AAC /* Indicators */,
				1C4ED3592FFA8E0C00DC0AAC /* Models */,
				1C4ED35A2FFA8E4300DC0AAC /* Charts */,
				1C645CBC2F7862EA007E1F5C /* Info.plist */,
				1C645C9F2F77318B007E1F5C /* Main.storyboard */,
				1C645C9D2F77318B007E1F5C /* Assets.xcassets */,
				1C645CA22F77318B007E1F5C /* HisseTarama.entitlements */,
				1C645C992F773189007E1F5C /* AppDelegate.swift */,
				1C645CAE2F7736D3007E1F5C /* SidebarViewModel.swift */,
				1C645CB02F773712007E1F5C /* SidebarSelectionDelegate.swift */,
				1CFA03302F798352008D3A52 /* IndicatorCalculator.swift */,
				1C76A9DA2FD5A6A100C8B563 /* WeeklyCandleStickBuilder.swift */,
				1C4ED3752FFAEE0400DC0AAC /* ChartInteractionController.swift */,
				1C1734113033903B00EEF972 /* SidebarSelection.swift */,
			);
			path = HisseTarama;
			sourceTree = "<group>";
		};
/* End PBXGroup section */

/* Begin PBXNativeTarget section */
		1C645C952F773189007E1F5C /* HisseTarama */ = {
			isa = PBXNativeTarget;
			buildConfigurationList = 1C645CA52F77318B007E1F5C /* Build configuration list for PBXNativeTarget "HisseTarama" */;
			buildPhases = (
				1C645C922F773189007E1F5C /* Sources */,
				1C645C932F773189007E1F5C /* Frameworks */,
				1C645C942F773189007E1F5C /* Resources */,
			);
			buildRules = (
			);
			dependencies = (
			);
			name = HisseTarama;
			productName = HisseTarama;
			productReference = 1C645C962F773189007E1F5C /* HisseTarama.app */;
			productType = "com.apple.product-type.application";
		};
/* End PBXNativeTarget section */

/* Begin PBXProject section */
		1C645C8E2F773189007E1F5C /* Project object */ = {
			isa = PBXProject;
			attributes = {
				BuildIndependentTargetsInParallel = 1;
				LastSwiftUpdateCheck = 1320;
				LastUpgradeCheck = 1320;
				TargetAttributes = {
					1C645C952F773189007E1F5C = {
						CreatedOnToolsVersion = 13.2.1;
					};
				};
			};
			buildConfigurationList = 1C645C912F773189007E1F5C /* Build configuration list for PBXProject "HisseTarama" */;
			compatibilityVersion = "Xcode 13.0";
			developmentRegion = en;
			hasScannedForEncodings = 0;
			knownRegions = (
				en,
				Base,
			);
			mainGroup = 1C645C8D2F773189007E1F5C;
			productRefGroup = 1C645C972F773189007E1F5C /* Products */;
			projectDirPath = "";
			projectRoot = "";
			targets = (
				1C645C952F773189007E1F5C /* HisseTarama */,
			);
		};
/* End PBXProject section */

/* Begin PBXResourcesBuildPhase section */
		1C645C942F773189007E1F5C /* Resources */ = {
			isa = PBXResourcesBuildPhase;
			buildActionMask = 2147483647;
			files = (
				1C645C9E2F77318B007E1F5C /* Assets.xcassets in Resources */,
				1C645CA12F77318B007E1F5C /* Main.storyboard in Resources */,
				1C68CDEA302FD49400DD0670 /* AppMainWindowController.xib in Resources */,
				1C645CBD2F7862EA007E1F5C /* Info.plist in Resources */,
			);
			runOnlyForDeploymentPostprocessing = 0;
		};
/* End PBXResourcesBuildPhase section */

/* Begin PBXSourcesBuildPhase section */
		1C645C922F773189007E1F5C /* Sources */ = {
			isa = PBXSourcesBuildPhase;
			buildActionMask = 2147483647;
			files = (
				1C645CBB2F782132007E1F5C /* ChartDetailViewController.swift in Sources */,
				1C4ED35F2FFA8FB400DC0AAC /* ChartCoordinateSystem.swift in Sources */,
				1C4ED3762FFAEE0400DC0AAC /* ChartInteractionController.swift in Sources */,
				1C1734123033903B00EEF972 /* SidebarSelection.swift in Sources */,
				1C645CB52F7820D0007E1F5C /* Candlestick.swift in Sources */,
				1C3246DC30027FEB00C2230B /* AdaptiveGridCalculator.swift in Sources */,
				1C3246DE3002801700C2230B /* GridRenderer.swift in Sources */,
				1C645CAF2F7736D3007E1F5C /* SidebarViewModel.swift in Sources */,
				1C4ED36E2FFAE39E00DC0AAC /* CandleRenderer.swift in Sources */,
				1C17340430338BC900EEF972 /* Stock.swift in Sources */,
				1CFA03332F798392008D3A52 /* IndicatorPopupViewController.swift in Sources */,
				1C645CCB2F788528007E1F5C /* IsYatirimService.swift in Sources */,
				1C68CDE9302FD49400DD0670 /* AppMainWindowController.swift in Sources */,
				1C645CC12F787B91007E1F5C /* StockData.swift in Sources */,
				1C17340630338BEE00EEF972 /* Watchlist.swift in Sources */,
				1C17340C30338C8700EEF972 /* ScanResult.swift in Sources */,
				1C645CA92F7735F0007E1F5C /* SidebarViewController.swift in Sources */,
				1C4ED3722FFAEA3F00DC0AAC /* SMARenderer.swift in Sources */,
				1C645CC92F7884F2007E1F5C /* IsYatirimResponse.swift in Sources */,
				1C4ED3742FFAEB5500DC0AAC /* AxisRenderer.swift in Sources */,
				1C4ED3702FFAE46800DC0AAC /* ChartTheme.swift in Sources */,
				1C17340E30338CAF00EEF972 /* AppStockState.swift in Sources */,
				1C645CB32F773766007E1F5C /* MainSplitViewController.swift in Sources */,
				1C76A9DB2FD5A6A100C8B563 /* WeeklyCandleStickBuilder.swift in Sources */,
				1C17340830338C3100EEF972 /* ScanCriterion.swift in Sources */,
				1C645CB12F773712007E1F5C /* SidebarSelectionDelegate.swift in Sources */,
				1C17341030338E3C00EEF972 /* SideBarItem.swift in Sources */,
				1C4ED35D2FFA8E7A00DC0AAC /* ChartViewport.swift in Sources */,
				1CFA03312F798352008D3A52 /* IndicatorCalculator.swift in Sources */,
				1C4ED36C2FFA9C1800DC0AAC /* SelectionOverlayRenderer.swift in Sources */,
				1C17340A30338C5700EEF972 /* Scan.swift in Sources */,
				1C645C9A2F773189007E1F5C /* AppDelegate.swift in Sources */,
				1C645CAC2F77360F007E1F5C /* DetailViewController.swift in Sources */,
				1C645CB92F78210E007E1F5C /* CandlestickChartView.swift in Sources */,
			);
			runOnlyForDeploymentPostprocessing = 0;
		};
/* End PBXSourcesBuildPhase section */

/* Begin PBXVariantGroup section */
		1C645C9F2F77318B007E1F5C /* Main.storyboard */ = {
			isa = PBXVariantGroup;
			children = (
				1C645CA02F77318B007E1F5C /* Base */,
			);
			name = Main.storyboard;
			sourceTree = "<group>";
		};
/* End PBXVariantGroup section */

/* Begin XCBuildConfiguration section */
		1C645CA32F77318B007E1F5C /* Debug */ = {
			isa = XCBuildConfiguration;
			buildSettings = {
				ALWAYS_SEARCH_USER_PATHS = NO;
				CLANG_ANALYZER_NONNULL = YES;
				CLANG_ANALYZER_NUMBER_OBJECT_CONVERSION = YES_AGGRESSIVE;
				CLANG_CXX_LANGUAGE_STANDARD = "gnu++17";
				CLANG_CXX_LIBRARY = "libc++";
				CLANG_ENABLE_MODULES = YES;
				CLANG_ENABLE_OBJC_ARC = YES;
				CLANG_ENABLE_OBJC_WEAK = YES;
				CLANG_WARN_BLOCK_CAPTURE_AUTORELEASING = YES;
				CLANG_WARN_BOOL_CONVERSION = YES;
				CLANG_WARN_COMMA = YES;
				CLANG_WARN_CONSTANT_CONVERSION = YES;
				CLANG_WARN_DEPRECATED_OBJC_IMPLEMENTATIONS = YES;
				CLANG_WARN_DIRECT_OBJC_ISA_USAGE = YES_ERROR;
				CLANG_WARN_DOCUMENTATION_COMMENTS = YES;
				CLANG_WARN_EMPTY_BODY = YES;
				CLANG_WARN_ENUM_CONVERSION = YES;
				CLANG_WARN_INFINITE_RECURSION = YES;
				CLANG_WARN_INT_CONVERSION = YES;
				CLANG_WARN_NON_LITERAL_NULL_CONVERSION = YES;
				CLANG_WARN_OBJC_IMPLICIT_RETAIN_SELF = YES;
				CLANG_WARN_OBJC_LITERAL_CONVERSION = YES;
				CLANG_WARN_OBJC_ROOT_CLASS = YES_ERROR;
				CLANG_WARN_QUOTED_INCLUDE_IN_FRAMEWORK_HEADER = YES;
				CLANG_WARN_RANGE_LOOP_ANALYSIS = YES;
				CLANG_WARN_STRICT_PROTOTYPES = YES;
				CLANG_WARN_SUSPICIOUS_MOVE = YES;
				CLANG_WARN_UNGUARDED_AVAILABILITY = YES_AGGRESSIVE;
				CLANG_WARN_UNREACHABLE_CODE = YES;
				CLANG_WARN__DUPLICATE_METHOD_MATCH = YES;
				COPY_PHASE_STRIP = NO;
				DEBUG_INFORMATION_FORMAT = dwarf;
				ENABLE_STRICT_OBJC_MSGSEND = YES;
				ENABLE_TESTABILITY = YES;
				GCC_C_LANGUAGE_STANDARD = gnu11;
				GCC_DYNAMIC_NO_PIC = NO;
				GCC_NO_COMMON_BLOCKS = YES;
				GCC_OPTIMIZATION_LEVEL = 0;
				GCC_PREPROCESSOR_DEFINITIONS = (
					"DEBUG=1",
					"$(inherited)",
				);
				GCC_WARN_64_TO_32_BIT_CONVERSION = YES;
				GCC_WARN_ABOUT_RETURN_TYPE = YES_ERROR;
				GCC_WARN_UNDECLARED_SELECTOR = YES;
				GCC_WARN_UNINITIALIZED_AUTOS = YES_AGGRESSIVE;
				GCC_WARN_UNUSED_FUNCTION = YES;
				GCC_WARN_UNUSED_VARIABLE = YES;
				MACOSX_DEPLOYMENT_TARGET = 11.7;
				MTL_ENABLE_DEBUG_INFO = INCLUDE_SOURCE;
				MTL_FAST_MATH = YES;
				ONLY_ACTIVE_ARCH = YES;
				SDKROOT = macosx;
				SWIFT_ACTIVE_COMPILATION_CONDITIONS = DEBUG;
				SWIFT_OPTIMIZATION_LEVEL = "-Onone";
			};
			name = Debug;
		};
		1C645CA42F77318B007E1F5C /* Release */ = {
			isa = XCBuildConfiguration;
			buildSettings = {
				ALWAYS_SEARCH_USER_PATHS = NO;
				CLANG_ANALYZER_NONNULL = YES;
				CLANG_ANALYZER_NUMBER_OBJECT_CONVERSION = YES_AGGRESSIVE;
				CLANG_CXX_LANGUAGE_STANDARD = "gnu++17";
				CLANG_CXX_LIBRARY = "libc++";
				CLANG_ENABLE_MODULES = YES;
				CLANG_ENABLE_OBJC_ARC = YES;
				CLANG_ENABLE_OBJC_WEAK = YES;
				CLANG_WARN_BLOCK_CAPTURE_AUTORELEASING = YES;
				CLANG_WARN_BOOL_CONVERSION = YES;
				CLANG_WARN_COMMA = YES;
				CLANG_WARN_CONSTANT_CONVERSION = YES;
				CLANG_WARN_DEPRECATED_OBJC_IMPLEMENTATIONS = YES;
				CLANG_WARN_DIRECT_OBJC_ISA_USAGE = YES_ERROR;
				CLANG_WARN_DOCUMENTATION_COMMENTS = YES;
				CLANG_WARN_EMPTY_BODY = YES;
				CLANG_WARN_ENUM_CONVERSION = YES;
				CLANG_WARN_INFINITE_RECURSION = YES;
				CLANG_WARN_INT_CONVERSION = YES;
				CLANG_WARN_NON_LITERAL_NULL_CONVERSION = YES;
				CLANG_WARN_OBJC_IMPLICIT_RETAIN_SELF = YES;
				CLANG_WARN_OBJC_LITERAL_CONVERSION = YES;
				CLANG_WARN_OBJC_ROOT_CLASS = YES_ERROR;
				CLANG_WARN_QUOTED_INCLUDE_IN_FRAMEWORK_HEADER = YES;
				CLANG_WARN_RANGE_LOOP_ANALYSIS = YES;
				CLANG_WARN_STRICT_PROTOTYPES = YES;
				CLANG_WARN_SUSPICIOUS_MOVE = YES;
				CLANG_WARN_UNGUARDED_AVAILABILITY = YES_AGGRESSIVE;
				CLANG_WARN_UNREACHABLE_CODE = YES;
				CLANG_WARN__DUPLICATE_METHOD_MATCH = YES;
				COPY_PHASE_STRIP = NO;
				DEBUG_INFORMATION_FORMAT = "dwarf-with-dsym";
				ENABLE_NS_ASSERTIONS = NO;
				ENABLE_STRICT_OBJC_MSGSEND = YES;
				GCC_C_LANGUAGE_STANDARD = gnu11;
				GCC_NO_COMMON_BLOCKS = YES;
				GCC_WARN_64_TO_32_BIT_CONVERSION = YES;
				GCC_WARN_ABOUT_RETURN_TYPE = YES_ERROR;
				GCC_WARN_UNDECLARED_SELECTOR = YES;
				GCC_WARN_UNINITIALIZED_AUTOS = YES_AGGRESSIVE;
				GCC_WARN_UNUSED_FUNCTION = YES;
				GCC_WARN_UNUSED_VARIABLE = YES;
				MACOSX_DEPLOYMENT_TARGET = 11.7;
				MTL_ENABLE_DEBUG_INFO = NO;
				MTL_FAST_MATH = YES;
				SDKROOT = macosx;
				SWIFT_COMPILATION_MODE = wholemodule;
				SWIFT_OPTIMIZATION_LEVEL = "-O";
			};
			name = Release;
		};
		1C645CA62F77318B007E1F5C /* Debug */ = {
			isa = XCBuildConfiguration;
			buildSettings = {
				ASSETCATALOG_COMPILER_APPICON_NAME = AppIcon;
				ASSETCATALOG_COMPILER_GLOBAL_ACCENT_COLOR_NAME = AccentColor;
				CODE_SIGN_ENTITLEMENTS = HisseTarama/HisseTarama.entitlements;
				CODE_SIGN_STYLE = Automatic;
				COMBINE_HIDPI_IMAGES = YES;
				CURRENT_PROJECT_VERSION = 1;
				DEVELOPMENT_TEAM = B26L8UZT9W;
				ENABLE_HARDENED_RUNTIME = YES;
				GENERATE_INFOPLIST_FILE = YES;
				INFOPLIST_KEY_NSHumanReadableCopyright = "";
				INFOPLIST_KEY_NSMainStoryboardFile = Main;
				INFOPLIST_KEY_NSPrincipalClass = NSApplication;
				LD_RUNPATH_SEARCH_PATHS = (
					"$(inherited)",
					"@executable_path/../Frameworks",
				);
				MARKETING_VERSION = 1.0;
				PRODUCT_BUNDLE_IDENTIFIER = dgnkartal.HisseTarama;
				PRODUCT_NAME = "$(TARGET_NAME)";
				SWIFT_EMIT_LOC_STRINGS = YES;
				SWIFT_VERSION = 5.0;
			};
			name = Debug;
		};
		1C645CA72F77318B007E1F5C /* Release */ = {
			isa = XCBuildConfiguration;
			buildSettings = {
				ASSETCATALOG_COMPILER_APPICON_NAME = AppIcon;
				ASSETCATALOG_COMPILER_GLOBAL_ACCENT_COLOR_NAME = AccentColor;
				CODE_SIGN_ENTITLEMENTS = HisseTarama/HisseTarama.entitlements;
				CODE_SIGN_STYLE = Automatic;
				COMBINE_HIDPI_IMAGES = YES;
				CURRENT_PROJECT_VERSION = 1;
				DEVELOPMENT_TEAM = B26L8UZT9W;
				ENABLE_HARDENED_RUNTIME = YES;
				GENERATE_INFOPLIST_FILE = YES;
				INFOPLIST_KEY_NSHumanReadableCopyright = "";
				INFOPLIST_KEY_NSMainStoryboardFile = Main;
				INFOPLIST_KEY_NSPrincipalClass = NSApplication;
				LD_RUNPATH_SEARCH_PATHS = (
					"$(inherited)",
					"@executable_path/../Frameworks",
				);
				MARKETING_VERSION = 1.0;
				PRODUCT_BUNDLE_IDENTIFIER = dgnkartal.HisseTarama;
				PRODUCT_NAME = "$(TARGET_NAME)";
				SWIFT_EMIT_LOC_STRINGS = YES;
				SWIFT_VERSION = 5.0;
			};
			name = Release;
		};
/* End XCBuildConfiguration section */

/* Begin XCConfigurationList section */
		1C645C912F773189007E1F5C /* Build configuration list for PBXProject "HisseTarama" */ = {
			isa = XCConfigurationList;
			buildConfigurations = (
				1C645CA32F77318B007E1F5C /* Debug */,
				1C645CA42F77318B007E1F5C /* Release */,
			);
			defaultConfigurationIsVisible = 0;
			defaultConfigurationName = Release;
		};
		1C645CA52F77318B007E1F5C /* Build configuration list for PBXNativeTarget "HisseTarama" */ = {
			isa = XCConfigurationList;
			buildConfigurations = (
				1C645CA62F77318B007E1F5C /* Debug */,
				1C645CA72F77318B007E1F5C /* Release */,
			);
			defaultConfigurationIsVisible = 0;
			defaultConfigurationName = Release;
		};
/* End XCConfigurationList section */
	};
	rootObject = 1C645C8E2F773189007E1F5C /* Project object */;
}
